
Microsoft Visual Studio Solution File, Format Version 12.00
# Visual Studio Version 17
VisualStudioVersion = 17.0.31919.166
MinimumVisualStudioVersion = 10.0.40219.1
Project("{FAE04EC0-301F-11D3-BF4B-00C04F79EFBC}") = "MachineFileSanitizer", "MachineFileSanitizer\MachineFileSanitizer.csproj", "{ED146F23-FFB4-4A82-B24B-AD531B711F51}"
EndProject
Global
	GlobalSection(SolutionConfigurationPlatforms) = preSolution
		Debug|Any CPU = Debug|Any CPU
		Release|Any CPU = Release|Any CPU
	EndGlobalSection
	GlobalSection(ProjectConfigurationPlatforms) = postSolution
		{ED146F23-FFB4-4A82-B24B-AD531B711F51}.Debug|Any CPU.ActiveCfg = Debug|Any CPU
		{ED146F23-FFB4-4A82-B24B-AD531B711F51}.Debug|Any CPU.Build.0 = Debug|Any CPU
		{ED146F23-FFB4-4A82-B24B-AD531B711F51}.Release|Any CPU.ActiveCfg = Release|Any CPU
		{ED146F23-FFB4-4A82-B24B-AD531B711F51}.Release|Any CPU.Build.0 = Release|Any CPU
	EndGlobalSection
	GlobalSection(SolutionProperties) = preSolution
		HideSolutionNode = FALSE
	EndGlobalSection
	GlobalSection(ExtensibilityGlobals) = postSolution
		SolutionGuid = {AA5560CD-7D24-4038-B69F-C7DBB88B3333}
	EndGlobalSection
EndGlobal
